
Microsoft Visual Studio Solution File, Format Version 12.00
Project("{FAE04EC0-301F-11D3-BF4B-00C04F79EFBC}") = "Api", "Api\Api.csproj", "{D9A73DAE-2467-4C80-BC9B-1C78A3829354}"
EndProject
Project("{FAE04EC0-301F-11D3-BF4B-00C04F79EFBC}") = "Domain", "Domain\Domain.csproj", "{3C290BCF-0877-44A9-8D0E-44C7CE68E5DA}"
EndProject
Project("{FAE04EC0-301F-11D3-BF4B-00C04F79EFBC}") = "Application", "Application\Application.csproj", "{92933829-1504-44E9-8D0D-AF239AC1EA0F}"
EndProject
Project("{FAE04EC0-301F-11D3-BF4B-00C04F79EFBC}") = "Infrastructure", "Infrastructure\Infrastructure.csproj", "{BF67E66B-C1DB-4CDD-8A47-21971E8EC41B}"
EndProject
Project("{FAE04EC0-301F-11D3-BF4B-00C04F79EFBC}") = "Tests", "Tests\Tests.csproj", "{06E5FB0A-5100-4FBC-81D7-70C35A330837}"
EndProject
Global
	GlobalSection(SolutionConfigurationPlatforms) = preSolution
		Debug|Any CPU = Debug|Any CPU
		Release|Any CPU = Release|Any CPU
	EndGlobalSection
	GlobalSection(ProjectConfigurationPlatforms) = postSolution
		{D9A73DAE-2467-4C80-BC9B-1C78A3829354}.Debug|Any CPU.ActiveCfg = Debug|Any CPU
		{D9A73DAE-2467-4C80-BC9B-1C78A3829354}.Debug|Any CPU.Build.0 = Debug|Any CPU
		{D9A73DAE-2467-4C80-BC9B-1C78A3829354}.Release|Any CPU.ActiveCfg = Release|Any CPU
		{D9A73DAE-2467-4C80-BC9B-1C78A3829354}.Release|Any CPU.Build.0 = Release|Any CPU
		{3C290BCF-0877-44A9-8D0E-44C7CE68E5DA}.Debug|Any CPU.ActiveCfg = Debug|Any CPU
		{3C290BCF-0877-44A9-8D0E-44C7CE68E5DA}.Debug|Any CPU.Build.0 = Debug|Any CPU
		{3C290BCF-0877-44A9-8D0E-44C7CE68E5DA}.Release|Any CPU.ActiveCfg = Release|Any CPU
		{3C290BCF-0877-44A9-8D0E-44C7CE68E5DA}.Release|Any CPU.Build.0 = Release|Any CPU
		{92933829-1504-44E9-8D0D-AF239AC1EA0F}.Debug|Any CPU.ActiveCfg = Debug|Any CPU
		{92933829-1504-44E9-8D0D-AF239AC1EA0F}.Debug|Any CPU.Build.0 = Debug|Any CPU
		{92933829-1504-44E9-8D0D-AF239AC1EA0F}.Release|Any CPU.ActiveCfg = Release|Any CPU
		{92933829-1504-44E9-8D0D-AF239AC1EA0F}.Release|Any CPU.Build.0 = Release|Any CPU
		{BF67E66B-C1DB-4CDD-8A47-21971E8EC41B}.Debug|Any CPU.ActiveCfg = Debug|Any CPU
		{BF67E66B-C1DB-4CDD-8A47-21971E8EC41B}.Debug|Any CPU.Build.0 = Debug|Any CPU
		{BF67E66B-C1DB-4CDD-8A47-21971E8EC41B}.Release|Any CPU.ActiveCfg = Release|Any CPU
		{BF67E66B-C1DB-4CDD-8A47-21971E8EC41B}.Release|Any CPU.Build.0 = Release|Any CPU
		{06E5FB0A-5100-4FBC-81D7-70C35A330837}.Debug|Any CPU.ActiveCfg = Debug|Any CPU
		{06E5FB0A-5100-4FBC-81D7-70C35A330837}.Debug|Any CPU.Build.0 = Debug|Any CPU
		{06E5FB0A-5100-4FBC-81D7-70C35A330837}.Release|Any CPU.ActiveCfg = Release|Any CPU
		{06E5FB0A-5100-4FBC-81D7-70C35A330837}.Release|Any CPU.Build.0 = Release|Any CPU
	EndGlobalSection
EndGlobal
